
Microsoft Visual Studio Solution File, Format Version 12.00
# Visual Studio Version 16
VisualStudioVersion = 16.0.31729.503
MinimumVisualStudioVersion = 10.0.40219.1
Project("{9A19103F-16F7-4668-BE54-9A1E7A4F7556}") = "console-temperature", "console-temperature.csproj", "{9462A493-D6DF-4F10-A4FA-A5473B0827FF}"
EndProject
Project("{2150E333-8FDC-42A3-9474-1A3956D46DE8}") = "Solution Items", "Solution Items", "{AEB00713-CF6F-4774-85F3-D9384500A4F7}"
	ProjectSection(SolutionItems) = preProject
		Class1.cs = Class1.cs
	EndProjectSection
EndProject
Global
	GlobalSection(SolutionConfigurationPlatforms) = preSolution
		Debug|Any CPU = Debug|Any CPU
		Release|Any CPU = Release|Any CPU
	EndGlobalSection
	GlobalSection(ProjectConfigurationPlatforms) = postSolution
		{9462A493-D6DF-4F10-A4FA-A5473B0827FF}.Debug|Any CPU.ActiveCfg = Debug|Any CPU
		{9462A493-D6DF-4F10-A4FA-A5473B0827FF}.Debug|Any CPU.Build.0 = Debug|Any CPU
		{9462A493-D6DF-4F10-A4FA-A5473B0827FF}.Release|Any CPU.ActiveCfg = Release|Any CPU
		{9462A493-D6DF-4F10-A4FA-A5473B0827FF}.Release|Any CPU.Build.0 = Release|Any CPU
	EndGlobalSection
	GlobalSection(SolutionProperties) = preSolution
		HideSolutionNode = FALSE
	EndGlobalSection
	GlobalSection(ExtensibilityGlobals) = postSolution
		SolutionGuid = {2A93262E-62D7-4720-9CD4-102DE1AB53FF}
	EndGlobalSection
EndGlobal
